
Microsoft Visual Studio Solution File, Format Version 11.00
# Visual Studio 2010
Project("{888888A0-9F3D-457C-B088-3A5042F75D52}") = "pyfinal2", "pyfinal2\pyfinal2.pyproj", "{526DC23C-C81B-46B7-8247-C754C2904F5D}"
EndProject
Global
	GlobalSection(SolutionConfigurationPlatforms) = preSolution
		Debug|Any CPU = Debug|Any CPU
		Release|Any CPU = Release|Any CPU
	EndGlobalSection
	GlobalSection(ProjectConfigurationPlatforms) = postSolution
		{526DC23C-C81B-46B7-8247-C754C2904F5D}.Debug|Any CPU.ActiveCfg = Debug|Any CPU
		{526DC23C-C81B-46B7-8247-C754C2904F5D}.Release|Any CPU.ActiveCfg = Release|Any CPU
	EndGlobalSection
	GlobalSection(SolutionProperties) = preSolution
		HideSolutionNode = FALSE
	EndGlobalSection
EndGlobal
